
Microsoft Visual Studio Solution File, Format Version 12.00
# Visual Studio Version 16
VisualStudioVersion = 16.0.30709.132
MinimumVisualStudioVersion = 10.0.40219.1
Project("{FAE04EC0-301F-11D3-BF4B-00C04F79EFBC}") = "SchedulerTryOut", "SchedulerTryOut\SchedulerTryOut.csproj", "{7E238186-3468-4895-863A-387A7C3D9A79}"
EndProject
Global
	GlobalSection(SolutionConfigurationPlatforms) = preSolution
		Debug|Any CPU = Debug|Any CPU
		Release|Any CPU = Release|Any CPU
	EndGlobalSection
	GlobalSection(ProjectConfigurationPlatforms) = postSolution
		{7E238186-3468-4895-863A-387A7C3D9A79}.Debug|Any CPU.ActiveCfg = Debug|Any CPU
		{7E238186-3468-4895-863A-387A7C3D9A79}.Debug|Any CPU.Build.0 = Debug|Any CPU
		{7E238186-3468-4895-863A-387A7C3D9A79}.Release|Any CPU.ActiveCfg = Release|Any CPU
		{7E238186-3468-4895-863A-387A7C3D9A79}.Release|Any CPU.Build.0 = Release|Any CPU
	EndGlobalSection
	GlobalSection(SolutionProperties) = preSolution
		HideSolutionNode = FALSE
	EndGlobalSection
	GlobalSection(ExtensibilityGlobals) = postSolution
		SolutionGuid = {9AB72673-C682-4BE3-8C5F-F94E74590A93}
	EndGlobalSection
EndGlobal
